// !$*UTF8*$!
{
	archiveVersion = 1;
	classes = {
	};
	objectVersion = 46;
	objects = {

/* Begin PBXBuildFile section */
		5D5798B119E57296008F426C /* TaskManager.swift in Sources */ = {isa = PBXBuildFile; fileRef = 5D5798B019E57296008F426C /* TaskManager.swift */; };
		5D9141F619E4EDE400A0AB5C /* AppDelegate.swift in Sources */ = {isa = PBXBuildFile; fileRef = 5D9141F519E4EDE400A0AB5C /* AppDelegate.swift */; };
		5D9141F819E4EDE400A0AB5C /* FirstViewController.swift in Sources */ = {isa = PBXBuildFile; fileRef = 5D9141F719E4EDE400A0AB5C /* FirstViewController.swift */; };
		5D9141FA19E4EDE400A0AB5C /* SecondViewController.swift in Sources */ = {isa = PBXBuildFile; fileRef = 5D9141F919E4EDE400A0AB5C /* SecondViewController.swift */; };
		5D9141FD19E4EDE400A0AB5C /* Main.storyboard in Resources */ = {isa = PBXBuildFile; fileRef = 5D9141FB19E4EDE400A0AB5C /* Main.storyboard */; };
		5D9141FF19E4EDE400A0AB5C /* Images.xcassets in Resources */ = {isa = PBXBuildFile; fileRef = 5D9141FE19E4EDE400A0AB5C /* Images.xcassets */; };
		5D91420219E4EDE400A0AB5C /* LaunchScreen.xib in Resources */ = {isa = PBXBuildFile; fileRef = 5D91420019E4EDE400A0AB5C /* LaunchScreen.xib */; };
		5D91420E19E4EDE400A0AB5C /* Animal_RescueTests.swift in Sources */ = {isa = PBXBuildFile; fileRef = 5D91420D19E4EDE400A0AB5C /* Animal_RescueTests.swift */; };
		5D91421A19E5055300A0AB5C /* FacebookSDK.framework in Frameworks */ = {isa = PBXBuildFile; fileRef = 5D91421919E5055300A0AB5C /* FacebookSDK.framework */; };
/* End PBXBuildFile section */

/* Begin PBXContainerItemProxy section */
		5D91420819E4EDE400A0AB5C /* PBXContainerItemProxy */ = {
			isa = PBXContainerItemProxy;
			containerPortal = 5D9141E819E4EDE400A0AB5C /* Project object */;
			proxyType = 1;
			remoteGlobalIDString = 5D9141EF19E4EDE400A0AB5C;
			remoteInfo = "Animal Rescue";
		};
/* End PBXContainerItemProxy section */

/* Begin PBXFileReference section */
		5D5798AD19E56686008F426C /* Animal RescueTests.xctest */ = {isa = PBXFileReference; explicitFileType = wrapper.cfbundle; includeInIndex = 0; path = "Animal RescueTests.xctest"; sourceTree = BUILT_PRODUCTS_DIR; };
		5D5798B019E57296008F426C /* TaskManager.swift */ = {isa = PBXFileReference; fileEncoding = 4; lastKnownFileType = sourcecode.swift; name = TaskManager.swift; path = ../TaskManager.swift; sourceTree = "<group>"; };
		5D9141F419E4EDE400A0AB5C /* Info.plist */ = {isa = PBXFileReference; lastKnownFileType = text.plist.xml; path = Info.plist; sourceTree = "<group>"; };
		5D9141F519E4EDE400A0AB5C /* AppDelegate.swift */ = {isa = PBXFileReference; lastKnownFileType = sourcecode.swift; path = AppDelegate.swift; sourceTree = "<group>"; };
		5D9141F719E4EDE400A0AB5C /* FirstViewController.swift */ = {isa = PBXFileReference; lastKnownFileType = sourcecode.swift; path = FirstViewController.swift; sourceTree = "<group>"; };
		5D9141F919E4EDE400A0AB5C /* SecondViewController.swift */ = {isa = PBXFileReference; lastKnownFileType = sourcecode.swift; path = SecondViewController.swift; sourceTree = "<group>"; };
		5D9141FC19E4EDE400A0AB5C /* Base */ = {isa = PBXFileReference; lastKnownFileType = file.storyboard; name = Base; path = Base.lproj/Main.storyboard; sourceTree = "<group>"; };
		5D9141FE19E4EDE400A0AB5C /* Images.xcassets */ = {isa = PBXFileReference; lastKnownFileType = folder.assetcatalog; path = Images.xcassets; sourceTree = "<group>"; };
		5D91420119E4EDE400A0AB5C /* Base */ = {isa = PBXFileReference; lastKnownFileType = file.xib; name = Base; path = Base.lproj/LaunchScreen.xib; sourceTree = "<group>"; };
		5D91420C19E4EDE400A0AB5C /* Info.plist */ = {isa = PBXFileReference; lastKnownFileType = text.plist.xml; path = Info.plist; sourceTree = "<group>"; };
		5D91420D19E4EDE400A0AB5C /* Animal_RescueTests.swift */ = {isa = PBXFileReference; lastKnownFileType = sourcecode.swift; path = Animal_RescueTests.swift; sourceTree = "<group>"; };
		5D91421919E5055300A0AB5C /* FacebookSDK.framework */ = {isa = PBXFileReference; lastKnownFileType = wrapper.framework; name = FacebookSDK.framework; path = ../FacebookSDK/FacebookSDK.framework; sourceTree = "<group>"; };
		5D91421D19E5458800A0AB5C /* Bridge-Header.h */ = {isa = PBXFileReference; lastKnownFileType = sourcecode.c.h; name = "Bridge-Header.h"; path = "../Bridge-Header.h"; sourceTree = "<group>"; };
		5D91421E19E5463900A0AB5C /* Animal Rescue.app */ = {isa = PBXFileReference; explicitFileType = wrapper.application; includeInIndex = 0; path = "Animal Rescue.app"; sourceTree = BUILT_PRODUCTS_DIR; };
/* End PBXFileReference section */

/* Begin PBXFrameworksBuildPhase section */
		5D9141ED19E4EDE400A0AB5C /* Frameworks */ = {
			isa = PBXFrameworksBuildPhase;
			buildActionMask = 2147483647;
			files = (
				5D91421A19E5055300A0AB5C /* FacebookSDK.framework in Frameworks */,
			);
			runOnlyForDeploymentPostprocessing = 0;
		};
		5D91420419E4EDE400A0AB5C /* Frameworks */ = {
			isa = PBXFrameworksBuildPhase;
			buildActionMask = 2147483647;
			files = (
			);
			runOnlyForDeploymentPostprocessing = 0;
		};
/* End PBXFrameworksBuildPhase section */

/* Begin PBXGroup section */
		5D9141E719E4EDE400A0AB5C = {
			isa = PBXGroup;
			children = (
				5D91421C19E5058200A0AB5C /* Framework */,
				5D9141F219E4EDE400A0AB5C /* Animal Rescue */,
				5D91420A19E4EDE400A0AB5C /* Animal RescueTests */,
				5D91421E19E5463900A0AB5C /* Animal Rescue.app */,
				5D5798AD19E56686008F426C /* Animal RescueTests.xctest */,
			);
			sourceTree = "<group>";
		};
		5D9141F219E4EDE400A0AB5C /* Animal Rescue */ = {
			isa = PBXGroup;
			children = (
				5D91421D19E5458800A0AB5C /* Bridge-Header.h */,
				5D5798B019E57296008F426C /* TaskManager.swift */,
				5D9141F519E4EDE400A0AB5C /* AppDelegate.swift */,
				5D9141F719E4EDE400A0AB5C /* FirstViewController.swift */,
				5D9141F919E4EDE400A0AB5C /* SecondViewController.swift */,
				5D9141FB19E4EDE400A0AB5C /* Main.storyboard */,
				5D9141FE19E4EDE400A0AB5C /* Images.xcassets */,
				5D91420019E4EDE400A0AB5C /* LaunchScreen.xib */,
				5D9141F319E4EDE400A0AB5C /* Supporting Files */,
			);
			path = "Animal Rescue";
			sourceTree = "<group>";
		};
		5D9141F319E4EDE400A0AB5C /* Supporting Files */ = {
			isa = PBXGroup;
			children = (
				5D9141F419E4EDE400A0AB5C /* Info.plist */,
			);
			name = "Supporting Files";
			sourceTree = "<group>";
		};
		5D91420A19E4EDE400A0AB5C /* Animal RescueTests */ = {
			isa = PBXGroup;
			children = (
				5D91420D19E4EDE400A0AB5C /* Animal_RescueTests.swift */,
				5D91420B19E4EDE400A0AB5C /* Supporting Files */,
			);
			path = "Animal RescueTests";
			sourceTree = "<group>";
		};
		5D91420B19E4EDE400A0AB5C /* Supporting Files */ = {
			isa = PBXGroup;
			children = (
				5D91420C19E4EDE400A0AB5C /* Info.plist */,
			);
			name = "Supporting Files";
			sourceTree = "<group>";
		};
		5D91421C19E5058200A0AB5C /* Framework */ = {
			isa = PBXGroup;
			children = (
				5D91421919E5055300A0AB5C /* FacebookSDK.framework */,
			);
			name = Framework;
			sourceTree = "<group>";
		};
/* End PBXGroup section */

/* Begin PBXNativeTarget section */
		5D9141EF19E4EDE400A0AB5C /* Animal Rescue */ = {
			isa = PBXNativeTarget;
			buildConfigurationList = 5D91421119E4EDE400A0AB5C /* Build configuration list for PBXNativeTarget "Animal Rescue" */;
			buildPhases = (
				5D9141EC19E4EDE400A0AB5C /* Sources */,
				5D9141ED19E4EDE400A0AB5C /* Frameworks */,
				5D9141EE19E4EDE400A0AB5C /* Resources */,
			);
			buildRules = (
			);
			dependencies = (
			);
			name = "Animal Rescue";
			productName = "Animal Rescue";
			productReference = 5D91421E19E5463900A0AB5C /* Animal Rescue.app */;
			productType = "com.apple.product-type.application";
		};
		5D91420619E4EDE400A0AB5C /* Animal RescueTests */ = {
			isa = PBXNativeTarget;
			buildConfigurationList = 5D91421419E4EDE400A0AB5C /* Build configuration list for PBXNativeTarget "Animal RescueTests" */;
			buildPhases = (
				5D91420319E4EDE400A0AB5C /* Sources */,
				5D91420419E4EDE400A0AB5C /* Frameworks */,
				5D91420519E4EDE400A0AB5C /* Resources */,
			);
			buildRules = (
			);
			dependencies = (
				5D91420919E4EDE400A0AB5C /* PBXTargetDependency */,
			);
			name = "Animal RescueTests";
			productName = "Animal RescueTests";
			productReference = 5D5798AD19E56686008F426C /* Animal RescueTests.xctest */;
			productType = "com.apple.product-type.bundle.unit-test";
		};
/* End PBXNativeTarget section */

/* Begin PBXProject section */
		5D9141E819E4EDE400A0AB5C /* Project object */ = {
			isa = PBXProject;
			attributes = {
				LastUpgradeCheck = 0600;
				ORGANIZATIONNAME = "Joel Yek";
				TargetAttributes = {
					5D9141EF19E4EDE400A0AB5C = {
						CreatedOnToolsVersion = 6.0.1;
					};
					5D91420619E4EDE400A0AB5C = {
						CreatedOnToolsVersion = 6.0.1;
						TestTargetID = 5D9141EF19E4EDE400A0AB5C;
					};
				};
			};
			buildConfigurationList = 5D9141EB19E4EDE400A0AB5C /* Build configuration list for PBXProject "Animal Rescue" */;
			compatibilityVersion = "Xcode 3.2";
			developmentRegion = English;
			hasScannedForEncodings = 0;
			knownRegions = (
				en,
				Base,
			);
			mainGroup = 5D9141E719E4EDE400A0AB5C;
			productRefGroup = 5D9141E719E4EDE400A0AB5C;
			projectDirPath = "";
			projectRoot = "";
			targets = (
				5D9141EF19E4EDE400A0AB5C /* Animal Rescue */,
				5D91420619E4EDE400A0AB5C /* Animal RescueTests */,
			);
		};
/* End PBXProject section */

/* Begin PBXResourcesBuildPhase section */
		5D9141EE19E4EDE400A0AB5C /* Resources */ = {
			isa = PBXResourcesBuildPhase;
			buildActionMask = 2147483647;
			files = (
				5D9141FD19E4EDE400A0AB5C /* Main.storyboard in Resources */,
				5D91420219E4EDE400A0AB5C /* LaunchScreen.xib in Resources */,
				5D9141FF19E4EDE400A0AB5C /* Images.xcassets in Resources */,
			);
			runOnlyForDeploymentPostprocessing = 0;
		};
		5D91420519E4EDE400A0AB5C /* Resources */ = {
			isa = PBXResourcesBuildPhase;
			buildActionMask = 2147483647;
			files = (
			);
			runOnlyForDeploymentPostprocessing = 0;
		};
/* End PBXResourcesBuildPhase section */

/* Begin PBXSourcesBuildPhase section */
		5D9141EC19E4EDE400A0AB5C /* Sources */ = {
			isa = PBXSourcesBuildPhase;
			buildActionMask = 2147483647;
			files = (
				5D9141FA19E4EDE400A0AB5C /* SecondViewController.swift in Sources */,
				5D9141F619E4EDE400A0AB5C /* AppDelegate.swift in Sources */,
				5D5798B119E57296008F426C /* TaskManager.swift in Sources */,
				5D9141F819E4EDE400A0AB5C /* FirstViewController.swift in Sources */,
			);
			runOnlyForDeploymentPostprocessing = 0;
		};
		5D91420319E4EDE400A0AB5C /* Sources */ = {
			isa = PBXSourcesBuildPhase;
			buildActionMask = 2147483647;
			files = (
				5D91420E19E4EDE400A0AB5C /* Animal_RescueTests.swift in Sources */,
			);
			runOnlyForDeploymentPostprocessing = 0;
		};
/* End PBXSourcesBuildPhase section */

/* Begin PBXTargetDependency section */
		5D91420919E4EDE400A0AB5C /* PBXTargetDependency */ = {
			isa = PBXTargetDependency;
			target = 5D9141EF19E4EDE400A0AB5C /* Animal Rescue */;
			targetProxy = 5D91420819E4EDE400A0AB5C /* PBXContainerItemProxy */;
		};
/* End PBXTargetDependency section */

/* Begin PBXVariantGroup section */
		5D9141FB19E4EDE400A0AB5C /* Main.storyboard */ = {
			isa = PBXVariantGroup;
			children = (
				5D9141FC19E4EDE400A0AB5C /* Base */,
			);
			name = Main.storyboard;
			sourceTree = "<group>";
		};
		5D91420019E4EDE400A0AB5C /* LaunchScreen.xib */ = {
			isa = PBXVariantGroup;
			children = (
				5D91420119E4EDE400A0AB5C /* Base */,
			);
			name = LaunchScreen.xib;
			sourceTree = "<group>";
		};
/* End PBXVariantGroup section */

/* Begin XCBuildConfiguration section */
		5D91420F19E4EDE400A0AB5C /* Debug */ = {
			isa = XCBuildConfiguration;
			buildSettings = {
				ALWAYS_SEARCH_USER_PATHS = NO;
				CLANG_CXX_LANGUAGE_STANDARD = "gnu++0x";
				CLANG_CXX_LIBRARY = "libc++";
				CLANG_ENABLE_MODULES = YES;
				CLANG_ENABLE_OBJC_ARC = YES;
				CLANG_WARN_BOOL_CONVERSION = YES;
				CLANG_WARN_CONSTANT_CONVERSION = YES;
				CLANG_WARN_DIRECT_OBJC_ISA_USAGE = YES_ERROR;
				CLANG_WARN_EMPTY_BODY = YES;
				CLANG_WARN_ENUM_CONVERSION = YES;
				CLANG_WARN_INT_CONVERSION = YES;
				CLANG_WARN_OBJC_ROOT_CLASS = YES_ERROR;
				CLANG_WARN_UNREACHABLE_CODE = YES;
				CLANG_WARN__DUPLICATE_METHOD_MATCH = YES;
				"CODE_SIGN_IDENTITY[sdk=iphoneos*]" = "iPhone Developer";
				COPY_PHASE_STRIP = NO;
				ENABLE_STRICT_OBJC_MSGSEND = YES;
				GCC_C_LANGUAGE_STANDARD = gnu99;
				GCC_DYNAMIC_NO_PIC = NO;
				GCC_OPTIMIZATION_LEVEL = 0;
				GCC_PREPROCESSOR_DEFINITIONS = (
					"DEBUG=1",
					"$(inherited)",
				);
				GCC_SYMBOLS_PRIVATE_EXTERN = NO;
				GCC_WARN_64_TO_32_BIT_CONVERSION = YES;
				GCC_WARN_ABOUT_RETURN_TYPE = YES_ERROR;
				GCC_WARN_UNDECLARED_SELECTOR = YES;
				GCC_WARN_UNINITIALIZED_AUTOS = YES_AGGRESSIVE;
				GCC_WARN_UNUSED_FUNCTION = YES;
				GCC_WARN_UNUSED_VARIABLE = YES;
				IPHONEOS_DEPLOYMENT_TARGET = 8.0;
				MTL_ENABLE_DEBUG_INFO = YES;
				ONLY_ACTIVE_ARCH = YES;
				SDKROOT = iphoneos;
				SWIFT_OPTIMIZATION_LEVEL = "-Onone";
				TARGETED_DEVICE_FAMILY = "1,2";
			};
			name = Debug;
		};
		5D91421019E4EDE400A0AB5C /* Release */ = {
			isa = XCBuildConfiguration;
			buildSettings = {
				ALWAYS_SEARCH_USER_PATHS = NO;
				CLANG_CXX_LANGUAGE_STANDARD = "gnu++0x";
				CLANG_CXX_LIBRARY = "libc++";
				CLANG_ENABLE_MODULES = YES;
				CLANG_ENABLE_OBJC_ARC = YES;
				CLANG_WARN_BOOL_CONVERSION = YES;
				CLANG_WARN_CONSTANT_CONVERSION = YES;
				CLANG_WARN_DIRECT_OBJC_ISA_USAGE = YES_ERROR;
				CLANG_WARN_EMPTY_BODY = YES;
				CLANG_WARN_ENUM_CONVERSION = YES;
				CLANG_WARN_INT_CONVERSION = YES;
				CLANG_WARN_OBJC_ROOT_CLASS = YES_ERROR;
				CLANG_WARN_UNREACHABLE_CODE = YES;
				CLANG_WARN__DUPLICATE_METHOD_MATCH = YES;
				"CODE_SIGN_IDENTITY[sdk=iphoneos*]" = "iPhone Developer";
				COPY_PHASE_STRIP = YES;
				ENABLE_NS_ASSERTIONS = NO;
				ENABLE_STRICT_OBJC_MSGSEND = YES;
				GCC_C_LANGUAGE_STANDARD = gnu99;
				GCC_WARN_64_TO_32_BIT_CONVERSION = YES;
				GCC_WARN_ABOUT_RETURN_TYPE = YES_ERROR;
				GCC_WARN_UNDECLARED_SELECTOR = YES;
				GCC_WARN_UNINITIALIZED_AUTOS = YES_AGGRESSIVE;
				GCC_WARN_UNUSED_FUNCTION = YES;
				GCC_WARN_UNUSED_VARIABLE = YES;
				IPHONEOS_DEPLOYMENT_TARGET = 8.0;
				MTL_ENABLE_DEBUG_INFO = NO;
				SDKROOT = iphoneos;
				TARGETED_DEVICE_FAMILY = "1,2";
				VALIDATE_PRODUCT = YES;
			};
			name = Release;
		};
		5D91421219E4EDE400A0AB5C /* Debug */ = {
			isa = XCBuildConfiguration;
			buildSettings = {
				ASSETCATALOG_COMPILER_APPICON_NAME = AppIcon;
				FRAMEWORK_SEARCH_PATHS = (
					"$(inherited)",
					/Users/Joel/Documents/FacebookSDK,
				);
				INFOPLIST_FILE = "Animal Rescue/Info.plist";
				LD_RUNPATH_SEARCH_PATHS = "$(inherited) @executable_path/Frameworks";
				PRODUCT_NAME = "$(TARGET_NAME)";
				SWIFT_OBJC_BRIDGING_HEADER = "Bridge-header.h";
			};
			name = Debug;
		};
		5D91421319E4EDE400A0AB5C /* Release */ = {
			isa = XCBuildConfiguration;
			buildSettings = {
				ASSETCATALOG_COMPILER_APPICON_NAME = AppIcon;
				FRAMEWORK_SEARCH_PATHS = (
					"$(inherited)",
					/Users/Joel/Documents/FacebookSDK,
				);
				INFOPLIST_FILE = "Animal Rescue/Info.plist";
				LD_RUNPATH_SEARCH_PATHS = "$(inherited) @executable_path/Frameworks";
				PRODUCT_NAME = "$(TARGET_NAME)";
				SWIFT_OBJC_BRIDGING_HEADER = "Bridge-header.h";
			};
			name = Release;
		};
		5D91421519E4EDE400A0AB5C /* Debug */ = {
			isa = XCBuildConfiguration;
			buildSettings = {
				BUNDLE_LOADER = "$(TEST_HOST)";
				FRAMEWORK_SEARCH_PATHS = (
					"$(SDKROOT)/Developer/Library/Frameworks",
					"$(inherited)",
				);
				GCC_PREPROCESSOR_DEFINITIONS = (
					"DEBUG=1",
					"$(inherited)",
				);
				INFOPLIST_FILE = "Animal RescueTests/Info.plist";
				LD_RUNPATH_SEARCH_PATHS = "$(inherited) @executable_path/Frameworks @loader_path/Frameworks";
				PRODUCT_NAME = "$(TARGET_NAME)";
				TEST_HOST = "$(BUILT_PRODUCTS_DIR)/Animal Rescue.app/Animal Rescue";
			};
			name = Debug;
		};
		5D91421619E4EDE400A0AB5C /* Release */ = {
			isa = XCBuildConfiguration;
			buildSettings = {
				BUNDLE_LOADER = "$(TEST_HOST)";
				FRAMEWORK_SEARCH_PATHS = (
					"$(SDKROOT)/Developer/Library/Frameworks",
					"$(inherited)",
				);
				INFOPLIST_FILE = "Animal RescueTests/Info.plist";
				LD_RUNPATH_SEARCH_PATHS = "$(inherited) @executable_path/Frameworks @loader_path/Frameworks";
				PRODUCT_NAME = "$(TARGET_NAME)";
				TEST_HOST = "$(BUILT_PRODUCTS_DIR)/Animal Rescue.app/Animal Rescue";
			};
			name = Release;
		};
/* End XCBuildConfiguration section */

/* Begin XCConfigurationList section */
		5D9141EB19E4EDE400A0AB5C /* Build configuration list for PBXProject "Animal Rescue" */ = {
			isa = XCConfigurationList;
			buildConfigurations = (
				5D91420F19E4EDE400A0AB5C /* Debug */,
				5D91421019E4EDE400A0AB5C /* Release */,
			);
			defaultConfigurationIsVisible = 0;
			defaultConfigurationName = Release;
		};
		5D91421119E4EDE400A0AB5C /* Build configuration list for PBXNativeTarget "Animal Rescue" */ = {
			isa = XCConfigurationList;
			buildConfigurations = (
				5D91421219E4EDE400A0AB5C /* Debug */,
				5D91421319E4EDE400A0AB5C /* Release */,
			);
			defaultConfigurationIsVisible = 0;
			defaultConfigurationName = Release;
		};
		5D91421419E4EDE400A0AB5C /* Build configuration list for PBXNativeTarget "Animal RescueTests" */ = {
			isa = XCConfigurationList;
			buildConfigurations = (
				5D91421519E4EDE400A0AB5C /* Debug */,
				5D91421619E4EDE400A0AB5C /* Release */,
			);
			defaultConfigurationIsVisible = 0;
			defaultConfigurationName = Release;
		};
/* End XCConfigurationList section */
	};
	rootObject = 5D9141E819E4EDE400A0AB5C /* Project object */;
}
